
Microsoft Visual Studio Solution File, Format Version 12.00
# Visual Studio Version 16
VisualStudioVersion = 16.0.31515.178
MinimumVisualStudioVersion = 10.0.40219.1
Project("{FAE04EC0-301F-11D3-BF4B-00C04F79EFBC}") = "OkulKayitSistemi", "ProjectValk\OkulKayitSistemi.csproj", "{543B1B1D-D2B0-4759-89F7-A3EDA3C3F58A}"
EndProject
Global
	GlobalSection(SolutionConfigurationPlatforms) = preSolution
		Debug|Any CPU = Debug|Any CPU
		Release|Any CPU = Release|Any CPU
	EndGlobalSection
	GlobalSection(ProjectConfigurationPlatforms) = postSolution
		{543B1B1D-D2B0-4759-89F7-A3EDA3C3F58A}.Debug|Any CPU.ActiveCfg = Debug|Any CPU
		{543B1B1D-D2B0-4759-89F7-A3EDA3C3F58A}.Debug|Any CPU.Build.0 = Debug|Any CPU
		{543B1B1D-D2B0-4759-89F7-A3EDA3C3F58A}.Release|Any CPU.ActiveCfg = Release|Any CPU
		{543B1B1D-D2B0-4759-89F7-A3EDA3C3F58A}.Release|Any CPU.Build.0 = Release|Any CPU
	EndGlobalSection
	GlobalSection(SolutionProperties) = preSolution
		HideSolutionNode = FALSE
	EndGlobalSection
	GlobalSection(ExtensibilityGlobals) = postSolution
		SolutionGuid = {B07E54CF-CF58-442B-8A6A-E1D10FD0FDE4}
	EndGlobalSection
EndGlobal
